
Microsoft Visual Studio Solution File, Format Version 12.00
# Visual Studio Version 17
VisualStudioVersion = 17.11.35431.28
MinimumVisualStudioVersion = 10.0.40219.1
Project("{FAE04EC0-301F-11D3-BF4B-00C04F79EFBC}") = "Project", "Project\Project.csproj", "{346C5BCC-7B76-46BE-A496-F1D01CE1C9F7}"
EndProject
Global
	GlobalSection(SolutionConfigurationPlatforms) = preSolution
		Debug|Any CPU = Debug|Any CPU
		Release|Any CPU = Release|Any CPU
	EndGlobalSection
	GlobalSection(ProjectConfigurationPlatforms) = postSolution
		{346C5BCC-7B76-46BE-A496-F1D01CE1C9F7}.Debug|Any CPU.ActiveCfg = Debug|Any CPU
		{346C5BCC-7B76-46BE-A496-F1D01CE1C9F7}.Debug|Any CPU.Build.0 = Debug|Any CPU
		{346C5BCC-7B76-46BE-A496-F1D01CE1C9F7}.Release|Any CPU.ActiveCfg = Release|Any CPU
		{346C5BCC-7B76-46BE-A496-F1D01CE1C9F7}.Release|Any CPU.Build.0 = Release|Any CPU
	EndGlobalSection
	GlobalSection(SolutionProperties) = preSolution
		HideSolutionNode = FALSE
	EndGlobalSection
	GlobalSection(ExtensibilityGlobals) = postSolution
		SolutionGuid = {9112010D-57B3-4E5A-8E05-B2C2DF3CD888}
	EndGlobalSection
EndGlobal
